
Microsoft Visual Studio Solution File, Format Version 12.00
# Visual Studio Version 16
VisualStudioVersion = 16.0.30711.63
MinimumVisualStudioVersion = 10.0.40219.1
Project("{FAE04EC0-301F-11D3-BF4B-00C04F79EFBC}") = "Ginch", "Ginch\Ginch.csproj", "{73372B8D-43A1-45E3-80AD-8683B7929D96}"
EndProject
Global
	GlobalSection(SolutionConfigurationPlatforms) = preSolution
		Debug|Any CPU = Debug|Any CPU
		Release|Any CPU = Release|Any CPU
	EndGlobalSection
	GlobalSection(ProjectConfigurationPlatforms) = postSolution
		{73372B8D-43A1-45E3-80AD-8683B7929D96}.Debug|Any CPU.ActiveCfg = Debug|Any CPU
		{73372B8D-43A1-45E3-80AD-8683B7929D96}.Debug|Any CPU.Build.0 = Debug|Any CPU
		{73372B8D-43A1-45E3-80AD-8683B7929D96}.Release|Any CPU.ActiveCfg = Release|Any CPU
		{73372B8D-43A1-45E3-80AD-8683B7929D96}.Release|Any CPU.Build.0 = Release|Any CPU
	EndGlobalSection
	GlobalSection(SolutionProperties) = preSolution
		HideSolutionNode = FALSE
	EndGlobalSection
	GlobalSection(ExtensibilityGlobals) = postSolution
		SolutionGuid = {026816EA-FC0D-4C41-AEE3-19C91B45D5BE}
	EndGlobalSection
EndGlobal
